
Microsoft Visual Studio Solution File, Format Version 12.00
# Visual Studio Version 16
VisualStudioVersion = 16.0.31205.134
MinimumVisualStudioVersion = 10.0.40219.1
Project("{8BC9CEB8-8B4A-11D0-8D11-00A0C91BC942}") = "VerseM", "VerseM\VerseM.vcxproj", "{B205973F-EDCA-4467-A8DE-4D6C6246B5E8}"
EndProject
Global
	GlobalSection(SolutionConfigurationPlatforms) = preSolution
		Debug|x64 = Debug|x64
		Debug|x86 = Debug|x86
		Release|x64 = Release|x64
		Release|x86 = Release|x86
	EndGlobalSection
	GlobalSection(ProjectConfigurationPlatforms) = postSolution
		{B205973F-EDCA-4467-A8DE-4D6C6246B5E8}.Debug|x64.ActiveCfg = Debug|x64
		{B205973F-EDCA-4467-A8DE-4D6C6246B5E8}.Debug|x64.Build.0 = Debug|x64
		{B205973F-EDCA-4467-A8DE-4D6C6246B5E8}.Debug|x86.ActiveCfg = Debug|Win32
		{B205973F-EDCA-4467-A8DE-4D6C6246B5E8}.Debug|x86.Build.0 = Debug|Win32
		{B205973F-EDCA-4467-A8DE-4D6C6246B5E8}.Release|x64.ActiveCfg = Release|x64
		{B205973F-EDCA-4467-A8DE-4D6C6246B5E8}.Release|x64.Build.0 = Release|x64
		{B205973F-EDCA-4467-A8DE-4D6C6246B5E8}.Release|x86.ActiveCfg = Release|Win32
		{B205973F-EDCA-4467-A8DE-4D6C6246B5E8}.Release|x86.Build.0 = Release|Win32
	EndGlobalSection
	GlobalSection(SolutionProperties) = preSolution
		HideSolutionNode = FALSE
	EndGlobalSection
	GlobalSection(ExtensibilityGlobals) = postSolution
		SolutionGuid = {4E5AF708-0E0D-4BCB-A31B-DF210477C07C}
	EndGlobalSection
EndGlobal
