
Microsoft Visual Studio Solution File, Format Version 12.00
# Visual Studio Version 16
VisualStudioVersion = 16.0.31321.278
MinimumVisualStudioVersion = 10.0.40219.1
Project("{8BC9CEB8-8B4A-11D0-8D11-00A0C91BC942}") = "Reforder", "Reforder\Reforder.vcxproj", "{DDD2B73E-17E2-4FCD-B46C-F0064509324D}"
EndProject
Global
	GlobalSection(SolutionConfigurationPlatforms) = preSolution
		Debug|x64 = Debug|x64
		Debug|x86 = Debug|x86
		Release|x64 = Release|x64
		Release|x86 = Release|x86
	EndGlobalSection
	GlobalSection(ProjectConfigurationPlatforms) = postSolution
		{DDD2B73E-17E2-4FCD-B46C-F0064509324D}.Debug|x64.ActiveCfg = Debug|x64
		{DDD2B73E-17E2-4FCD-B46C-F0064509324D}.Debug|x64.Build.0 = Debug|x64
		{DDD2B73E-17E2-4FCD-B46C-F0064509324D}.Debug|x86.ActiveCfg = Debug|Win32
		{DDD2B73E-17E2-4FCD-B46C-F0064509324D}.Debug|x86.Build.0 = Debug|Win32
		{DDD2B73E-17E2-4FCD-B46C-F0064509324D}.Release|x64.ActiveCfg = Release|x64
		{DDD2B73E-17E2-4FCD-B46C-F0064509324D}.Release|x64.Build.0 = Release|x64
		{DDD2B73E-17E2-4FCD-B46C-F0064509324D}.Release|x86.ActiveCfg = Release|Win32
		{DDD2B73E-17E2-4FCD-B46C-F0064509324D}.Release|x86.Build.0 = Release|Win32
	EndGlobalSection
	GlobalSection(SolutionProperties) = preSolution
		HideSolutionNode = FALSE
	EndGlobalSection
	GlobalSection(ExtensibilityGlobals) = postSolution
		SolutionGuid = {197F3ADE-AAC5-4379-9124-130F2F6E29C1}
	EndGlobalSection
EndGlobal
