
Microsoft Visual Studio Solution File, Format Version 12.00
# Visual Studio Version 16
VisualStudioVersion = 16.0.31229.75
MinimumVisualStudioVersion = 10.0.40219.1
Project("{8BC9CEB8-8B4A-11D0-8D11-00A0C91BC942}") = "CardEnum", "CardEnum\CardEnum.vcxproj", "{3553C255-F90E-4B96-AA57-8E646ECF47D8}"
EndProject
Global
	GlobalSection(SolutionConfigurationPlatforms) = preSolution
		Debug|x64 = Debug|x64
		Debug|x86 = Debug|x86
		Release|x64 = Release|x64
		Release|x86 = Release|x86
	EndGlobalSection
	GlobalSection(ProjectConfigurationPlatforms) = postSolution
		{3553C255-F90E-4B96-AA57-8E646ECF47D8}.Debug|x64.ActiveCfg = Debug|x64
		{3553C255-F90E-4B96-AA57-8E646ECF47D8}.Debug|x64.Build.0 = Debug|x64
		{3553C255-F90E-4B96-AA57-8E646ECF47D8}.Debug|x86.ActiveCfg = Debug|Win32
		{3553C255-F90E-4B96-AA57-8E646ECF47D8}.Debug|x86.Build.0 = Debug|Win32
		{3553C255-F90E-4B96-AA57-8E646ECF47D8}.Release|x64.ActiveCfg = Release|x64
		{3553C255-F90E-4B96-AA57-8E646ECF47D8}.Release|x64.Build.0 = Release|x64
		{3553C255-F90E-4B96-AA57-8E646ECF47D8}.Release|x86.ActiveCfg = Release|Win32
		{3553C255-F90E-4B96-AA57-8E646ECF47D8}.Release|x86.Build.0 = Release|Win32
	EndGlobalSection
	GlobalSection(SolutionProperties) = preSolution
		HideSolutionNode = FALSE
	EndGlobalSection
	GlobalSection(ExtensibilityGlobals) = postSolution
		SolutionGuid = {40F595A1-0BE1-416B-9513-615A8D140684}
	EndGlobalSection
EndGlobal
