
Microsoft Visual Studio Solution File, Format Version 12.00
# Visual Studio Version 16
VisualStudioVersion = 16.0.31515.178
MinimumVisualStudioVersion = 10.0.40219.1
Project("{8BC9CEB8-8B4A-11D0-8D11-00A0C91BC942}") = "ENGLCONV", "ENGLCONV\ENGLCONV.vcxproj", "{27E202AA-044A-47A7-A741-324E45E66ECF}"
EndProject
Global
	GlobalSection(SolutionConfigurationPlatforms) = preSolution
		Debug|x64 = Debug|x64
		Debug|x86 = Debug|x86
		Release|x64 = Release|x64
		Release|x86 = Release|x86
	EndGlobalSection
	GlobalSection(ProjectConfigurationPlatforms) = postSolution
		{27E202AA-044A-47A7-A741-324E45E66ECF}.Debug|x64.ActiveCfg = Debug|x64
		{27E202AA-044A-47A7-A741-324E45E66ECF}.Debug|x64.Build.0 = Debug|x64
		{27E202AA-044A-47A7-A741-324E45E66ECF}.Debug|x86.ActiveCfg = Debug|Win32
		{27E202AA-044A-47A7-A741-324E45E66ECF}.Debug|x86.Build.0 = Debug|Win32
		{27E202AA-044A-47A7-A741-324E45E66ECF}.Release|x64.ActiveCfg = Release|x64
		{27E202AA-044A-47A7-A741-324E45E66ECF}.Release|x64.Build.0 = Release|x64
		{27E202AA-044A-47A7-A741-324E45E66ECF}.Release|x86.ActiveCfg = Release|Win32
		{27E202AA-044A-47A7-A741-324E45E66ECF}.Release|x86.Build.0 = Release|Win32
	EndGlobalSection
	GlobalSection(SolutionProperties) = preSolution
		HideSolutionNode = FALSE
	EndGlobalSection
	GlobalSection(ExtensibilityGlobals) = postSolution
		SolutionGuid = {5A16506F-D4B4-44D0-8A0E-D20DD9E97F57}
	EndGlobalSection
EndGlobal
