
Microsoft Visual Studio Solution File, Format Version 12.00
# Visual Studio Version 16
VisualStudioVersion = 16.0.30804.86
MinimumVisualStudioVersion = 10.0.40219.1
Project("{8BC9CEB8-8B4A-11D0-8D11-00A0C91BC942}") = "DesignersNetwork", "DesignersNetwork.vcxproj", "{C54EE802-5453-4ACD-8DB9-7B5D220D4FB3}"
EndProject
Global
	GlobalSection(SolutionConfigurationPlatforms) = preSolution
		Debug|x64 = Debug|x64
		Debug|x86 = Debug|x86
		Release|x64 = Release|x64
		Release|x86 = Release|x86
	EndGlobalSection
	GlobalSection(ProjectConfigurationPlatforms) = postSolution
		{C54EE802-5453-4ACD-8DB9-7B5D220D4FB3}.Debug|x64.ActiveCfg = Debug|x64
		{C54EE802-5453-4ACD-8DB9-7B5D220D4FB3}.Debug|x64.Build.0 = Debug|x64
		{C54EE802-5453-4ACD-8DB9-7B5D220D4FB3}.Debug|x86.ActiveCfg = Debug|Win32
		{C54EE802-5453-4ACD-8DB9-7B5D220D4FB3}.Debug|x86.Build.0 = Debug|Win32
		{C54EE802-5453-4ACD-8DB9-7B5D220D4FB3}.Release|x64.ActiveCfg = Release|x64
		{C54EE802-5453-4ACD-8DB9-7B5D220D4FB3}.Release|x64.Build.0 = Release|x64
		{C54EE802-5453-4ACD-8DB9-7B5D220D4FB3}.Release|x86.ActiveCfg = Release|Win32
		{C54EE802-5453-4ACD-8DB9-7B5D220D4FB3}.Release|x86.Build.0 = Release|Win32
	EndGlobalSection
	GlobalSection(SolutionProperties) = preSolution
		HideSolutionNode = FALSE
	EndGlobalSection
	GlobalSection(ExtensibilityGlobals) = postSolution
		SolutionGuid = {3180C7AE-382E-44B5-940D-7C0B3EA50E3A}
	EndGlobalSection
EndGlobal
