
Microsoft Visual Studio Solution File, Format Version 12.00
# Visual Studio Version 17
VisualStudioVersion = 17.0.32112.339
MinimumVisualStudioVersion = 10.0.40219.1
Project("{8BC9CEB8-8B4A-11D0-8D11-00A0C91BC942}") = "DINSITER", "DINSITER\DINSITER.vcxproj", "{5B5BD70C-FCEB-4157-8D08-BFC99AA77F13}"
EndProject
Global
	GlobalSection(SolutionConfigurationPlatforms) = preSolution
		Debug|x64 = Debug|x64
		Debug|x86 = Debug|x86
		Release|x64 = Release|x64
		Release|x86 = Release|x86
	EndGlobalSection
	GlobalSection(ProjectConfigurationPlatforms) = postSolution
		{5B5BD70C-FCEB-4157-8D08-BFC99AA77F13}.Debug|x64.ActiveCfg = Debug|x64
		{5B5BD70C-FCEB-4157-8D08-BFC99AA77F13}.Debug|x64.Build.0 = Debug|x64
		{5B5BD70C-FCEB-4157-8D08-BFC99AA77F13}.Debug|x86.ActiveCfg = Debug|Win32
		{5B5BD70C-FCEB-4157-8D08-BFC99AA77F13}.Debug|x86.Build.0 = Debug|Win32
		{5B5BD70C-FCEB-4157-8D08-BFC99AA77F13}.Release|x64.ActiveCfg = Release|x64
		{5B5BD70C-FCEB-4157-8D08-BFC99AA77F13}.Release|x64.Build.0 = Release|x64
		{5B5BD70C-FCEB-4157-8D08-BFC99AA77F13}.Release|x86.ActiveCfg = Release|Win32
		{5B5BD70C-FCEB-4157-8D08-BFC99AA77F13}.Release|x86.Build.0 = Release|Win32
	EndGlobalSection
	GlobalSection(SolutionProperties) = preSolution
		HideSolutionNode = FALSE
	EndGlobalSection
	GlobalSection(ExtensibilityGlobals) = postSolution
		SolutionGuid = {361007CA-0D4B-4742-8DFF-24E67FB10B7B}
	EndGlobalSection
EndGlobal
