
Microsoft Visual Studio Solution File, Format Version 12.00
# Visual Studio Version 16
VisualStudioVersion = 16.0.31424.327
MinimumVisualStudioVersion = 10.0.40219.1
Project("{8BC9CEB8-8B4A-11D0-8D11-00A0C91BC942}") = "CONSTFU", "CONSTFU\CONSTFU.vcxproj", "{9721045B-2A92-49E9-9A1D-FD3421726949}"
EndProject
Global
	GlobalSection(SolutionConfigurationPlatforms) = preSolution
		Debug|x64 = Debug|x64
		Debug|x86 = Debug|x86
		Release|x64 = Release|x64
		Release|x86 = Release|x86
	EndGlobalSection
	GlobalSection(ProjectConfigurationPlatforms) = postSolution
		{9721045B-2A92-49E9-9A1D-FD3421726949}.Debug|x64.ActiveCfg = Debug|x64
		{9721045B-2A92-49E9-9A1D-FD3421726949}.Debug|x64.Build.0 = Debug|x64
		{9721045B-2A92-49E9-9A1D-FD3421726949}.Debug|x86.ActiveCfg = Debug|Win32
		{9721045B-2A92-49E9-9A1D-FD3421726949}.Debug|x86.Build.0 = Debug|Win32
		{9721045B-2A92-49E9-9A1D-FD3421726949}.Release|x64.ActiveCfg = Release|x64
		{9721045B-2A92-49E9-9A1D-FD3421726949}.Release|x64.Build.0 = Release|x64
		{9721045B-2A92-49E9-9A1D-FD3421726949}.Release|x86.ActiveCfg = Release|Win32
		{9721045B-2A92-49E9-9A1D-FD3421726949}.Release|x86.Build.0 = Release|Win32
	EndGlobalSection
	GlobalSection(SolutionProperties) = preSolution
		HideSolutionNode = FALSE
	EndGlobalSection
	GlobalSection(ExtensibilityGlobals) = postSolution
		SolutionGuid = {392B3347-20B9-408B-93A8-76AAF2BD99C6}
	EndGlobalSection
EndGlobal
