
Microsoft Visual Studio Solution File, Format Version 12.00
# Visual Studio Version 16
VisualStudioVersion = 16.0.31424.327
MinimumVisualStudioVersion = 10.0.40219.1
Project("{8BC9CEB8-8B4A-11D0-8D11-00A0C91BC942}") = "CiraCarea", "CiraCarea\CiraCarea.vcxproj", "{71F67535-2BC8-4687-8183-4B12C70E64A9}"
EndProject
Global
	GlobalSection(SolutionConfigurationPlatforms) = preSolution
		Debug|x64 = Debug|x64
		Debug|x86 = Debug|x86
		Release|x64 = Release|x64
		Release|x86 = Release|x86
	EndGlobalSection
	GlobalSection(ProjectConfigurationPlatforms) = postSolution
		{71F67535-2BC8-4687-8183-4B12C70E64A9}.Debug|x64.ActiveCfg = Debug|x64
		{71F67535-2BC8-4687-8183-4B12C70E64A9}.Debug|x64.Build.0 = Debug|x64
		{71F67535-2BC8-4687-8183-4B12C70E64A9}.Debug|x86.ActiveCfg = Debug|Win32
		{71F67535-2BC8-4687-8183-4B12C70E64A9}.Debug|x86.Build.0 = Debug|Win32
		{71F67535-2BC8-4687-8183-4B12C70E64A9}.Release|x64.ActiveCfg = Release|x64
		{71F67535-2BC8-4687-8183-4B12C70E64A9}.Release|x64.Build.0 = Release|x64
		{71F67535-2BC8-4687-8183-4B12C70E64A9}.Release|x86.ActiveCfg = Release|Win32
		{71F67535-2BC8-4687-8183-4B12C70E64A9}.Release|x86.Build.0 = Release|Win32
	EndGlobalSection
	GlobalSection(SolutionProperties) = preSolution
		HideSolutionNode = FALSE
	EndGlobalSection
	GlobalSection(ExtensibilityGlobals) = postSolution
		SolutionGuid = {469B5452-57DB-4060-82FF-2EF48D07C9FD}
	EndGlobalSection
EndGlobal
