
Microsoft Visual Studio Solution File, Format Version 12.00
# Visual Studio Version 17
VisualStudioVersion = 17.0.32112.339
MinimumVisualStudioVersion = 10.0.40219.1
Project("{8BC9CEB8-8B4A-11D0-8D11-00A0C91BC942}") = "SEARCH", "SEARCH\SEARCH.vcxproj", "{B365B7B5-2050-4E69-A9C9-C8193857E5AA}"
EndProject
Global
	GlobalSection(SolutionConfigurationPlatforms) = preSolution
		Debug|x64 = Debug|x64
		Debug|x86 = Debug|x86
		Release|x64 = Release|x64
		Release|x86 = Release|x86
	EndGlobalSection
	GlobalSection(ProjectConfigurationPlatforms) = postSolution
		{B365B7B5-2050-4E69-A9C9-C8193857E5AA}.Debug|x64.ActiveCfg = Debug|x64
		{B365B7B5-2050-4E69-A9C9-C8193857E5AA}.Debug|x64.Build.0 = Debug|x64
		{B365B7B5-2050-4E69-A9C9-C8193857E5AA}.Debug|x86.ActiveCfg = Debug|Win32
		{B365B7B5-2050-4E69-A9C9-C8193857E5AA}.Debug|x86.Build.0 = Debug|Win32
		{B365B7B5-2050-4E69-A9C9-C8193857E5AA}.Release|x64.ActiveCfg = Release|x64
		{B365B7B5-2050-4E69-A9C9-C8193857E5AA}.Release|x64.Build.0 = Release|x64
		{B365B7B5-2050-4E69-A9C9-C8193857E5AA}.Release|x86.ActiveCfg = Release|Win32
		{B365B7B5-2050-4E69-A9C9-C8193857E5AA}.Release|x86.Build.0 = Release|Win32
	EndGlobalSection
	GlobalSection(SolutionProperties) = preSolution
		HideSolutionNode = FALSE
	EndGlobalSection
	GlobalSection(ExtensibilityGlobals) = postSolution
		SolutionGuid = {AAEF5B13-96F8-49D5-916E-8885DECD6AC5}
	EndGlobalSection
EndGlobal
