
Microsoft Visual Studio Solution File, Format Version 12.00
# Visual Studio Version 16
VisualStudioVersion = 16.0.31129.286
MinimumVisualStudioVersion = 10.0.40219.1
Project("{8BC9CEB8-8B4A-11D0-8D11-00A0C91BC942}") = "FriendCritter", "FriendCritter.vcxproj", "{28D5481E-4557-44AB-B982-7D9468050711}"
EndProject
Global
	GlobalSection(SolutionConfigurationPlatforms) = preSolution
		Debug|x64 = Debug|x64
		Debug|x86 = Debug|x86
		Release|x64 = Release|x64
		Release|x86 = Release|x86
	EndGlobalSection
	GlobalSection(ProjectConfigurationPlatforms) = postSolution
		{28D5481E-4557-44AB-B982-7D9468050711}.Debug|x64.ActiveCfg = Debug|x64
		{28D5481E-4557-44AB-B982-7D9468050711}.Debug|x64.Build.0 = Debug|x64
		{28D5481E-4557-44AB-B982-7D9468050711}.Debug|x86.ActiveCfg = Debug|Win32
		{28D5481E-4557-44AB-B982-7D9468050711}.Debug|x86.Build.0 = Debug|Win32
		{28D5481E-4557-44AB-B982-7D9468050711}.Release|x64.ActiveCfg = Release|x64
		{28D5481E-4557-44AB-B982-7D9468050711}.Release|x64.Build.0 = Release|x64
		{28D5481E-4557-44AB-B982-7D9468050711}.Release|x86.ActiveCfg = Release|Win32
		{28D5481E-4557-44AB-B982-7D9468050711}.Release|x86.Build.0 = Release|Win32
	EndGlobalSection
	GlobalSection(SolutionProperties) = preSolution
		HideSolutionNode = FALSE
	EndGlobalSection
	GlobalSection(ExtensibilityGlobals) = postSolution
		SolutionGuid = {89AA7F6A-8738-430C-9C87-9E1E908E0D4C}
	EndGlobalSection
EndGlobal
