
Microsoft Visual Studio Solution File, Format Version 12.00
# Visual Studio Version 17
VisualStudioVersion = 17.0.32112.339
MinimumVisualStudioVersion = 10.0.40219.1
Project("{8BC9CEB8-8B4A-11D0-8D11-00A0C91BC942}") = "ITERFIND", "ITERFIND\ITERFIND.vcxproj", "{76EA2D4B-8E17-4B3D-96AB-2D3649A38B67}"
EndProject
Global
	GlobalSection(SolutionConfigurationPlatforms) = preSolution
		Debug|x64 = Debug|x64
		Debug|x86 = Debug|x86
		Release|x64 = Release|x64
		Release|x86 = Release|x86
	EndGlobalSection
	GlobalSection(ProjectConfigurationPlatforms) = postSolution
		{76EA2D4B-8E17-4B3D-96AB-2D3649A38B67}.Debug|x64.ActiveCfg = Debug|x64
		{76EA2D4B-8E17-4B3D-96AB-2D3649A38B67}.Debug|x64.Build.0 = Debug|x64
		{76EA2D4B-8E17-4B3D-96AB-2D3649A38B67}.Debug|x86.ActiveCfg = Debug|Win32
		{76EA2D4B-8E17-4B3D-96AB-2D3649A38B67}.Debug|x86.Build.0 = Debug|Win32
		{76EA2D4B-8E17-4B3D-96AB-2D3649A38B67}.Release|x64.ActiveCfg = Release|x64
		{76EA2D4B-8E17-4B3D-96AB-2D3649A38B67}.Release|x64.Build.0 = Release|x64
		{76EA2D4B-8E17-4B3D-96AB-2D3649A38B67}.Release|x86.ActiveCfg = Release|Win32
		{76EA2D4B-8E17-4B3D-96AB-2D3649A38B67}.Release|x86.Build.0 = Release|Win32
	EndGlobalSection
	GlobalSection(SolutionProperties) = preSolution
		HideSolutionNode = FALSE
	EndGlobalSection
	GlobalSection(ExtensibilityGlobals) = postSolution
		SolutionGuid = {01D1767C-7C13-4AF9-81C7-FD2F7B753CE4}
	EndGlobalSection
EndGlobal
