
Microsoft Visual Studio Solution File, Format Version 12.00
# Visual Studio Version 16
VisualStudioVersion = 16.0.31624.102
MinimumVisualStudioVersion = 10.0.40219.1
Project("{8BC9CEB8-8B4A-11D0-8D11-00A0C91BC942}") = "PTRNOTE", "PTRNOTE\PTRNOTE.vcxproj", "{D00B54D9-2158-4188-8E77-79E18192B934}"
EndProject
Global
	GlobalSection(SolutionConfigurationPlatforms) = preSolution
		Debug|x64 = Debug|x64
		Debug|x86 = Debug|x86
		Release|x64 = Release|x64
		Release|x86 = Release|x86
	EndGlobalSection
	GlobalSection(ProjectConfigurationPlatforms) = postSolution
		{D00B54D9-2158-4188-8E77-79E18192B934}.Debug|x64.ActiveCfg = Debug|x64
		{D00B54D9-2158-4188-8E77-79E18192B934}.Debug|x64.Build.0 = Debug|x64
		{D00B54D9-2158-4188-8E77-79E18192B934}.Debug|x86.ActiveCfg = Debug|Win32
		{D00B54D9-2158-4188-8E77-79E18192B934}.Debug|x86.Build.0 = Debug|Win32
		{D00B54D9-2158-4188-8E77-79E18192B934}.Release|x64.ActiveCfg = Release|x64
		{D00B54D9-2158-4188-8E77-79E18192B934}.Release|x64.Build.0 = Release|x64
		{D00B54D9-2158-4188-8E77-79E18192B934}.Release|x86.ActiveCfg = Release|Win32
		{D00B54D9-2158-4188-8E77-79E18192B934}.Release|x86.Build.0 = Release|Win32
	EndGlobalSection
	GlobalSection(SolutionProperties) = preSolution
		HideSolutionNode = FALSE
	EndGlobalSection
	GlobalSection(ExtensibilityGlobals) = postSolution
		SolutionGuid = {02D9BF99-0B9B-4BEB-B6B9-CDB17043DD01}
	EndGlobalSection
EndGlobal
