
Microsoft Visual Studio Solution File, Format Version 12.00
# Visual Studio Version 17
VisualStudioVersion = 17.0.32112.339
MinimumVisualStudioVersion = 10.0.40219.1
Project("{8BC9CEB8-8B4A-11D0-8D11-00A0C91BC942}") = "ENGLERR", "ENGLERR\ENGLERR.vcxproj", "{D64A5E0C-75CA-41C1-90B0-F57049999497}"
EndProject
Global
	GlobalSection(SolutionConfigurationPlatforms) = preSolution
		Debug|x64 = Debug|x64
		Debug|x86 = Debug|x86
		Release|x64 = Release|x64
		Release|x86 = Release|x86
	EndGlobalSection
	GlobalSection(ProjectConfigurationPlatforms) = postSolution
		{D64A5E0C-75CA-41C1-90B0-F57049999497}.Debug|x64.ActiveCfg = Debug|x64
		{D64A5E0C-75CA-41C1-90B0-F57049999497}.Debug|x64.Build.0 = Debug|x64
		{D64A5E0C-75CA-41C1-90B0-F57049999497}.Debug|x86.ActiveCfg = Debug|Win32
		{D64A5E0C-75CA-41C1-90B0-F57049999497}.Debug|x86.Build.0 = Debug|Win32
		{D64A5E0C-75CA-41C1-90B0-F57049999497}.Release|x64.ActiveCfg = Release|x64
		{D64A5E0C-75CA-41C1-90B0-F57049999497}.Release|x64.Build.0 = Release|x64
		{D64A5E0C-75CA-41C1-90B0-F57049999497}.Release|x86.ActiveCfg = Release|Win32
		{D64A5E0C-75CA-41C1-90B0-F57049999497}.Release|x86.Build.0 = Release|Win32
	EndGlobalSection
	GlobalSection(SolutionProperties) = preSolution
		HideSolutionNode = FALSE
	EndGlobalSection
	GlobalSection(ExtensibilityGlobals) = postSolution
		SolutionGuid = {B197BCBF-3E4F-4D3B-A331-500F020F3A3C}
	EndGlobalSection
EndGlobal
