
Microsoft Visual Studio Solution File, Format Version 12.00
# Visual Studio Version 17
VisualStudioVersion = 17.0.32112.339
MinimumVisualStudioVersion = 10.0.40219.1
Project("{8BC9CEB8-8B4A-11D0-8D11-00A0C91BC942}") = "SETRANGE", "SETRANGE\SETRANGE.vcxproj", "{C826AAE1-F76D-4A64-B5DE-59E32CA1E67B}"
EndProject
Global
	GlobalSection(SolutionConfigurationPlatforms) = preSolution
		Debug|x64 = Debug|x64
		Debug|x86 = Debug|x86
		Release|x64 = Release|x64
		Release|x86 = Release|x86
	EndGlobalSection
	GlobalSection(ProjectConfigurationPlatforms) = postSolution
		{C826AAE1-F76D-4A64-B5DE-59E32CA1E67B}.Debug|x64.ActiveCfg = Debug|x64
		{C826AAE1-F76D-4A64-B5DE-59E32CA1E67B}.Debug|x64.Build.0 = Debug|x64
		{C826AAE1-F76D-4A64-B5DE-59E32CA1E67B}.Debug|x86.ActiveCfg = Debug|Win32
		{C826AAE1-F76D-4A64-B5DE-59E32CA1E67B}.Debug|x86.Build.0 = Debug|Win32
		{C826AAE1-F76D-4A64-B5DE-59E32CA1E67B}.Release|x64.ActiveCfg = Release|x64
		{C826AAE1-F76D-4A64-B5DE-59E32CA1E67B}.Release|x64.Build.0 = Release|x64
		{C826AAE1-F76D-4A64-B5DE-59E32CA1E67B}.Release|x86.ActiveCfg = Release|Win32
		{C826AAE1-F76D-4A64-B5DE-59E32CA1E67B}.Release|x86.Build.0 = Release|Win32
	EndGlobalSection
	GlobalSection(SolutionProperties) = preSolution
		HideSolutionNode = FALSE
	EndGlobalSection
	GlobalSection(ExtensibilityGlobals) = postSolution
		SolutionGuid = {CE4FD41B-9DE4-4E88-B44E-A8F6B5955F2F}
	EndGlobalSection
EndGlobal
