
Microsoft Visual Studio Solution File, Format Version 12.00
# Visual Studio Version 17
VisualStudioVersion = 17.0.32112.339
MinimumVisualStudioVersion = 10.0.40219.1
Project("{8BC9CEB8-8B4A-11D0-8D11-00A0C91BC942}") = "ILINE", "ILINE\ILINE.vcxproj", "{F9D15594-C149-44E0-815F-1CC0C55F89F9}"
EndProject
Global
	GlobalSection(SolutionConfigurationPlatforms) = preSolution
		Debug|x64 = Debug|x64
		Debug|x86 = Debug|x86
		Release|x64 = Release|x64
		Release|x86 = Release|x86
	EndGlobalSection
	GlobalSection(ProjectConfigurationPlatforms) = postSolution
		{F9D15594-C149-44E0-815F-1CC0C55F89F9}.Debug|x64.ActiveCfg = Debug|x64
		{F9D15594-C149-44E0-815F-1CC0C55F89F9}.Debug|x64.Build.0 = Debug|x64
		{F9D15594-C149-44E0-815F-1CC0C55F89F9}.Debug|x86.ActiveCfg = Debug|Win32
		{F9D15594-C149-44E0-815F-1CC0C55F89F9}.Debug|x86.Build.0 = Debug|Win32
		{F9D15594-C149-44E0-815F-1CC0C55F89F9}.Release|x64.ActiveCfg = Release|x64
		{F9D15594-C149-44E0-815F-1CC0C55F89F9}.Release|x64.Build.0 = Release|x64
		{F9D15594-C149-44E0-815F-1CC0C55F89F9}.Release|x86.ActiveCfg = Release|Win32
		{F9D15594-C149-44E0-815F-1CC0C55F89F9}.Release|x86.Build.0 = Release|Win32
	EndGlobalSection
	GlobalSection(SolutionProperties) = preSolution
		HideSolutionNode = FALSE
	EndGlobalSection
	GlobalSection(ExtensibilityGlobals) = postSolution
		SolutionGuid = {E1D001D2-065E-4ABC-B94C-391593B533AE}
	EndGlobalSection
EndGlobal
