
Microsoft Visual Studio Solution File, Format Version 12.00
# Visual Studio Version 16
VisualStudioVersion = 16.0.31515.178
MinimumVisualStudioVersion = 10.0.40219.1
Project("{8BC9CEB8-8B4A-11D0-8D11-00A0C91BC942}") = "STRCONV", "STRCONV\STRCONV.vcxproj", "{39CACB97-ADE7-47B3-863D-1A51802A5353}"
EndProject
Global
	GlobalSection(SolutionConfigurationPlatforms) = preSolution
		Debug|x64 = Debug|x64
		Debug|x86 = Debug|x86
		Release|x64 = Release|x64
		Release|x86 = Release|x86
	EndGlobalSection
	GlobalSection(ProjectConfigurationPlatforms) = postSolution
		{39CACB97-ADE7-47B3-863D-1A51802A5353}.Debug|x64.ActiveCfg = Debug|x64
		{39CACB97-ADE7-47B3-863D-1A51802A5353}.Debug|x64.Build.0 = Debug|x64
		{39CACB97-ADE7-47B3-863D-1A51802A5353}.Debug|x86.ActiveCfg = Debug|Win32
		{39CACB97-ADE7-47B3-863D-1A51802A5353}.Debug|x86.Build.0 = Debug|Win32
		{39CACB97-ADE7-47B3-863D-1A51802A5353}.Release|x64.ActiveCfg = Release|x64
		{39CACB97-ADE7-47B3-863D-1A51802A5353}.Release|x64.Build.0 = Release|x64
		{39CACB97-ADE7-47B3-863D-1A51802A5353}.Release|x86.ActiveCfg = Release|Win32
		{39CACB97-ADE7-47B3-863D-1A51802A5353}.Release|x86.Build.0 = Release|Win32
	EndGlobalSection
	GlobalSection(SolutionProperties) = preSolution
		HideSolutionNode = FALSE
	EndGlobalSection
	GlobalSection(ExtensibilityGlobals) = postSolution
		SolutionGuid = {978AC0C2-D094-4339-B4A8-F471800CE2D4}
	EndGlobalSection
EndGlobal
