
Microsoft Visual Studio Solution File, Format Version 12.00
# Visual Studio Version 17
VisualStudioVersion = 17.0.32112.339
MinimumVisualStudioVersion = 10.0.40219.1
Project("{8BC9CEB8-8B4A-11D0-8D11-00A0C91BC942}") = "LISTOUT", "LISTOUT\LISTOUT.vcxproj", "{EB3988C2-E926-477F-BB86-5882EB8E4A67}"
EndProject
Global
	GlobalSection(SolutionConfigurationPlatforms) = preSolution
		Debug|x64 = Debug|x64
		Debug|x86 = Debug|x86
		Release|x64 = Release|x64
		Release|x86 = Release|x86
	EndGlobalSection
	GlobalSection(ProjectConfigurationPlatforms) = postSolution
		{EB3988C2-E926-477F-BB86-5882EB8E4A67}.Debug|x64.ActiveCfg = Debug|x64
		{EB3988C2-E926-477F-BB86-5882EB8E4A67}.Debug|x64.Build.0 = Debug|x64
		{EB3988C2-E926-477F-BB86-5882EB8E4A67}.Debug|x86.ActiveCfg = Debug|Win32
		{EB3988C2-E926-477F-BB86-5882EB8E4A67}.Debug|x86.Build.0 = Debug|Win32
		{EB3988C2-E926-477F-BB86-5882EB8E4A67}.Release|x64.ActiveCfg = Release|x64
		{EB3988C2-E926-477F-BB86-5882EB8E4A67}.Release|x64.Build.0 = Release|x64
		{EB3988C2-E926-477F-BB86-5882EB8E4A67}.Release|x86.ActiveCfg = Release|Win32
		{EB3988C2-E926-477F-BB86-5882EB8E4A67}.Release|x86.Build.0 = Release|Win32
	EndGlobalSection
	GlobalSection(SolutionProperties) = preSolution
		HideSolutionNode = FALSE
	EndGlobalSection
	GlobalSection(ExtensibilityGlobals) = postSolution
		SolutionGuid = {8DC8A68C-014F-4205-AB7C-F452947D2EA1}
	EndGlobalSection
EndGlobal
