
Microsoft Visual Studio Solution File, Format Version 12.00
# Visual Studio Version 17
VisualStudioVersion = 17.0.32112.339
MinimumVisualStudioVersion = 10.0.40219.1
Project("{8BC9CEB8-8B4A-11D0-8D11-00A0C91BC942}") = "XSTAK", "XSTAK\XSTAK.vcxproj", "{F0C235F3-6A83-468C-A063-356B1B2C086F}"
EndProject
Global
	GlobalSection(SolutionConfigurationPlatforms) = preSolution
		Debug|x64 = Debug|x64
		Debug|x86 = Debug|x86
		Release|x64 = Release|x64
		Release|x86 = Release|x86
	EndGlobalSection
	GlobalSection(ProjectConfigurationPlatforms) = postSolution
		{F0C235F3-6A83-468C-A063-356B1B2C086F}.Debug|x64.ActiveCfg = Debug|x64
		{F0C235F3-6A83-468C-A063-356B1B2C086F}.Debug|x64.Build.0 = Debug|x64
		{F0C235F3-6A83-468C-A063-356B1B2C086F}.Debug|x86.ActiveCfg = Debug|Win32
		{F0C235F3-6A83-468C-A063-356B1B2C086F}.Debug|x86.Build.0 = Debug|Win32
		{F0C235F3-6A83-468C-A063-356B1B2C086F}.Release|x64.ActiveCfg = Release|x64
		{F0C235F3-6A83-468C-A063-356B1B2C086F}.Release|x64.Build.0 = Release|x64
		{F0C235F3-6A83-468C-A063-356B1B2C086F}.Release|x86.ActiveCfg = Release|Win32
		{F0C235F3-6A83-468C-A063-356B1B2C086F}.Release|x86.Build.0 = Release|Win32
	EndGlobalSection
	GlobalSection(SolutionProperties) = preSolution
		HideSolutionNode = FALSE
	EndGlobalSection
	GlobalSection(ExtensibilityGlobals) = postSolution
		SolutionGuid = {31C5F1E4-6798-467F-9B31-846F8F169B11}
	EndGlobalSection
EndGlobal
