
Microsoft Visual Studio Solution File, Format Version 12.00
# Visual Studio Version 16
VisualStudioVersion = 16.0.30804.86
MinimumVisualStudioVersion = 10.0.40219.1
Project("{8BC9CEB8-8B4A-11D0-8D11-00A0C91BC942}") = "GameOVer", "GameOVer\GameOVer.vcxproj", "{B67D6379-C053-4051-8263-EC1A5D92A06B}"
EndProject
Global
	GlobalSection(SolutionConfigurationPlatforms) = preSolution
		Debug|x64 = Debug|x64
		Debug|x86 = Debug|x86
		Release|x64 = Release|x64
		Release|x86 = Release|x86
	EndGlobalSection
	GlobalSection(ProjectConfigurationPlatforms) = postSolution
		{B67D6379-C053-4051-8263-EC1A5D92A06B}.Debug|x64.ActiveCfg = Debug|x64
		{B67D6379-C053-4051-8263-EC1A5D92A06B}.Debug|x64.Build.0 = Debug|x64
		{B67D6379-C053-4051-8263-EC1A5D92A06B}.Debug|x86.ActiveCfg = Debug|Win32
		{B67D6379-C053-4051-8263-EC1A5D92A06B}.Debug|x86.Build.0 = Debug|Win32
		{B67D6379-C053-4051-8263-EC1A5D92A06B}.Release|x64.ActiveCfg = Release|x64
		{B67D6379-C053-4051-8263-EC1A5D92A06B}.Release|x64.Build.0 = Release|x64
		{B67D6379-C053-4051-8263-EC1A5D92A06B}.Release|x86.ActiveCfg = Release|Win32
		{B67D6379-C053-4051-8263-EC1A5D92A06B}.Release|x86.Build.0 = Release|Win32
	EndGlobalSection
	GlobalSection(SolutionProperties) = preSolution
		HideSolutionNode = FALSE
	EndGlobalSection
	GlobalSection(ExtensibilityGlobals) = postSolution
		SolutionGuid = {98CCB4A6-AA2E-461E-BA63-540D9972011A}
	EndGlobalSection
EndGlobal
