
Microsoft Visual Studio Solution File, Format Version 12.00
# Visual Studio Version 16
VisualStudioVersion = 16.0.31005.135
MinimumVisualStudioVersion = 10.0.40219.1
Project("{8BC9CEB8-8B4A-11D0-8D11-00A0C91BC942}") = "GuessMyNumbers", "GuessMyNumbers.vcxproj", "{CFEB0E34-AA7A-42EA-8C05-A877182B7C12}"
EndProject
Global
	GlobalSection(SolutionConfigurationPlatforms) = preSolution
		Debug|x64 = Debug|x64
		Debug|x86 = Debug|x86
		Release|x64 = Release|x64
		Release|x86 = Release|x86
	EndGlobalSection
	GlobalSection(ProjectConfigurationPlatforms) = postSolution
		{CFEB0E34-AA7A-42EA-8C05-A877182B7C12}.Debug|x64.ActiveCfg = Debug|x64
		{CFEB0E34-AA7A-42EA-8C05-A877182B7C12}.Debug|x64.Build.0 = Debug|x64
		{CFEB0E34-AA7A-42EA-8C05-A877182B7C12}.Debug|x86.ActiveCfg = Debug|Win32
		{CFEB0E34-AA7A-42EA-8C05-A877182B7C12}.Debug|x86.Build.0 = Debug|Win32
		{CFEB0E34-AA7A-42EA-8C05-A877182B7C12}.Release|x64.ActiveCfg = Release|x64
		{CFEB0E34-AA7A-42EA-8C05-A877182B7C12}.Release|x64.Build.0 = Release|x64
		{CFEB0E34-AA7A-42EA-8C05-A877182B7C12}.Release|x86.ActiveCfg = Release|Win32
		{CFEB0E34-AA7A-42EA-8C05-A877182B7C12}.Release|x86.Build.0 = Release|Win32
	EndGlobalSection
	GlobalSection(SolutionProperties) = preSolution
		HideSolutionNode = FALSE
	EndGlobalSection
	GlobalSection(ExtensibilityGlobals) = postSolution
		SolutionGuid = {ADA5F231-502E-4787-A80E-1B743984561C}
	EndGlobalSection
EndGlobal
