
Microsoft Visual Studio Solution File, Format Version 12.00
# Visual Studio Version 16
VisualStudioVersion = 16.0.31205.134
MinimumVisualStudioVersion = 10.0.40219.1
Project("{8BC9CEB8-8B4A-11D0-8D11-00A0C91BC942}") = "Plattters", "Plattters\Plattters.vcxproj", "{C69B5FB4-2874-48F5-8725-330981F284A7}"
EndProject
Global
	GlobalSection(SolutionConfigurationPlatforms) = preSolution
		Debug|x64 = Debug|x64
		Debug|x86 = Debug|x86
		Release|x64 = Release|x64
		Release|x86 = Release|x86
	EndGlobalSection
	GlobalSection(ProjectConfigurationPlatforms) = postSolution
		{C69B5FB4-2874-48F5-8725-330981F284A7}.Debug|x64.ActiveCfg = Debug|x64
		{C69B5FB4-2874-48F5-8725-330981F284A7}.Debug|x64.Build.0 = Debug|x64
		{C69B5FB4-2874-48F5-8725-330981F284A7}.Debug|x86.ActiveCfg = Debug|Win32
		{C69B5FB4-2874-48F5-8725-330981F284A7}.Debug|x86.Build.0 = Debug|Win32
		{C69B5FB4-2874-48F5-8725-330981F284A7}.Release|x64.ActiveCfg = Release|x64
		{C69B5FB4-2874-48F5-8725-330981F284A7}.Release|x64.Build.0 = Release|x64
		{C69B5FB4-2874-48F5-8725-330981F284A7}.Release|x86.ActiveCfg = Release|Win32
		{C69B5FB4-2874-48F5-8725-330981F284A7}.Release|x86.Build.0 = Release|Win32
	EndGlobalSection
	GlobalSection(SolutionProperties) = preSolution
		HideSolutionNode = FALSE
	EndGlobalSection
	GlobalSection(ExtensibilityGlobals) = postSolution
		SolutionGuid = {AA9B2B70-873A-43AD-87E6-E9CE6E74E219}
	EndGlobalSection
EndGlobal
