
Microsoft Visual Studio Solution File, Format Version 12.00
# Visual Studio Version 17
VisualStudioVersion = 17.0.32112.339
MinimumVisualStudioVersion = 10.0.40219.1
Project("{8BC9CEB8-8B4A-11D0-8D11-00A0C91BC942}") = "VECTOR", "VECTOR\VECTOR.vcxproj", "{D7FB4D63-6266-4375-A1DC-9FA514D60BFD}"
EndProject
Global
	GlobalSection(SolutionConfigurationPlatforms) = preSolution
		Debug|x64 = Debug|x64
		Debug|x86 = Debug|x86
		Release|x64 = Release|x64
		Release|x86 = Release|x86
	EndGlobalSection
	GlobalSection(ProjectConfigurationPlatforms) = postSolution
		{D7FB4D63-6266-4375-A1DC-9FA514D60BFD}.Debug|x64.ActiveCfg = Debug|x64
		{D7FB4D63-6266-4375-A1DC-9FA514D60BFD}.Debug|x64.Build.0 = Debug|x64
		{D7FB4D63-6266-4375-A1DC-9FA514D60BFD}.Debug|x86.ActiveCfg = Debug|Win32
		{D7FB4D63-6266-4375-A1DC-9FA514D60BFD}.Debug|x86.Build.0 = Debug|Win32
		{D7FB4D63-6266-4375-A1DC-9FA514D60BFD}.Release|x64.ActiveCfg = Release|x64
		{D7FB4D63-6266-4375-A1DC-9FA514D60BFD}.Release|x64.Build.0 = Release|x64
		{D7FB4D63-6266-4375-A1DC-9FA514D60BFD}.Release|x86.ActiveCfg = Release|Win32
		{D7FB4D63-6266-4375-A1DC-9FA514D60BFD}.Release|x86.Build.0 = Release|Win32
	EndGlobalSection
	GlobalSection(SolutionProperties) = preSolution
		HideSolutionNode = FALSE
	EndGlobalSection
	GlobalSection(ExtensibilityGlobals) = postSolution
		SolutionGuid = {2F97890A-686B-44D5-9954-E8C4F9C7C421}
	EndGlobalSection
EndGlobal
