
Microsoft Visual Studio Solution File, Format Version 12.00
# Visual Studio Version 16
VisualStudioVersion = 16.0.31205.134
MinimumVisualStudioVersion = 10.0.40219.1
Project("{8BC9CEB8-8B4A-11D0-8D11-00A0C91BC942}") = "Fancet", "Fancet\Fancet.vcxproj", "{62533D58-BD80-45D7-AAC8-2104B0E0D56F}"
EndProject
Global
	GlobalSection(SolutionConfigurationPlatforms) = preSolution
		Debug|x64 = Debug|x64
		Debug|x86 = Debug|x86
		Release|x64 = Release|x64
		Release|x86 = Release|x86
	EndGlobalSection
	GlobalSection(ProjectConfigurationPlatforms) = postSolution
		{62533D58-BD80-45D7-AAC8-2104B0E0D56F}.Debug|x64.ActiveCfg = Debug|x64
		{62533D58-BD80-45D7-AAC8-2104B0E0D56F}.Debug|x64.Build.0 = Debug|x64
		{62533D58-BD80-45D7-AAC8-2104B0E0D56F}.Debug|x86.ActiveCfg = Debug|Win32
		{62533D58-BD80-45D7-AAC8-2104B0E0D56F}.Debug|x86.Build.0 = Debug|Win32
		{62533D58-BD80-45D7-AAC8-2104B0E0D56F}.Release|x64.ActiveCfg = Release|x64
		{62533D58-BD80-45D7-AAC8-2104B0E0D56F}.Release|x64.Build.0 = Release|x64
		{62533D58-BD80-45D7-AAC8-2104B0E0D56F}.Release|x86.ActiveCfg = Release|Win32
		{62533D58-BD80-45D7-AAC8-2104B0E0D56F}.Release|x86.Build.0 = Release|Win32
	EndGlobalSection
	GlobalSection(SolutionProperties) = preSolution
		HideSolutionNode = FALSE
	EndGlobalSection
	GlobalSection(ExtensibilityGlobals) = postSolution
		SolutionGuid = {40295693-47EA-4099-AC08-071C9213EE7A}
	EndGlobalSection
EndGlobal
