
Microsoft Visual Studio Solution File, Format Version 12.00
# Visual Studio Version 16
VisualStudioVersion = 16.0.31624.102
MinimumVisualStudioVersion = 10.0.40219.1
Project("{8BC9CEB8-8B4A-11D0-8D11-00A0C91BC942}") = "PTRTOSTR", "PTRTOSTR\PTRTOSTR.vcxproj", "{E49BB305-4645-4CCD-9ADE-D6E49DEBA83B}"
EndProject
Global
	GlobalSection(SolutionConfigurationPlatforms) = preSolution
		Debug|x64 = Debug|x64
		Debug|x86 = Debug|x86
		Release|x64 = Release|x64
		Release|x86 = Release|x86
	EndGlobalSection
	GlobalSection(ProjectConfigurationPlatforms) = postSolution
		{E49BB305-4645-4CCD-9ADE-D6E49DEBA83B}.Debug|x64.ActiveCfg = Debug|x64
		{E49BB305-4645-4CCD-9ADE-D6E49DEBA83B}.Debug|x64.Build.0 = Debug|x64
		{E49BB305-4645-4CCD-9ADE-D6E49DEBA83B}.Debug|x86.ActiveCfg = Debug|Win32
		{E49BB305-4645-4CCD-9ADE-D6E49DEBA83B}.Debug|x86.Build.0 = Debug|Win32
		{E49BB305-4645-4CCD-9ADE-D6E49DEBA83B}.Release|x64.ActiveCfg = Release|x64
		{E49BB305-4645-4CCD-9ADE-D6E49DEBA83B}.Release|x64.Build.0 = Release|x64
		{E49BB305-4645-4CCD-9ADE-D6E49DEBA83B}.Release|x86.ActiveCfg = Release|Win32
		{E49BB305-4645-4CCD-9ADE-D6E49DEBA83B}.Release|x86.Build.0 = Release|Win32
	EndGlobalSection
	GlobalSection(SolutionProperties) = preSolution
		HideSolutionNode = FALSE
	EndGlobalSection
	GlobalSection(ExtensibilityGlobals) = postSolution
		SolutionGuid = {6ED060F6-9D01-4BEB-896F-37F4B9D5AE41}
	EndGlobalSection
EndGlobal
