
Microsoft Visual Studio Solution File, Format Version 12.00
# Visual Studio Version 16
VisualStudioVersion = 16.0.31205.134
MinimumVisualStudioVersion = 10.0.40219.1
Project("{8BC9CEB8-8B4A-11D0-8D11-00A0C91BC942}") = "While4", "While4\While4.vcxproj", "{37DC9460-057B-405B-8832-07CB36CE9A0F}"
EndProject
Global
	GlobalSection(SolutionConfigurationPlatforms) = preSolution
		Debug|x64 = Debug|x64
		Debug|x86 = Debug|x86
		Release|x64 = Release|x64
		Release|x86 = Release|x86
	EndGlobalSection
	GlobalSection(ProjectConfigurationPlatforms) = postSolution
		{37DC9460-057B-405B-8832-07CB36CE9A0F}.Debug|x64.ActiveCfg = Debug|x64
		{37DC9460-057B-405B-8832-07CB36CE9A0F}.Debug|x64.Build.0 = Debug|x64
		{37DC9460-057B-405B-8832-07CB36CE9A0F}.Debug|x86.ActiveCfg = Debug|Win32
		{37DC9460-057B-405B-8832-07CB36CE9A0F}.Debug|x86.Build.0 = Debug|Win32
		{37DC9460-057B-405B-8832-07CB36CE9A0F}.Release|x64.ActiveCfg = Release|x64
		{37DC9460-057B-405B-8832-07CB36CE9A0F}.Release|x64.Build.0 = Release|x64
		{37DC9460-057B-405B-8832-07CB36CE9A0F}.Release|x86.ActiveCfg = Release|Win32
		{37DC9460-057B-405B-8832-07CB36CE9A0F}.Release|x86.Build.0 = Release|Win32
	EndGlobalSection
	GlobalSection(SolutionProperties) = preSolution
		HideSolutionNode = FALSE
	EndGlobalSection
	GlobalSection(ExtensibilityGlobals) = postSolution
		SolutionGuid = {0A6B3DD1-619A-4672-9A09-EB780F87E10B}
	EndGlobalSection
EndGlobal
