
Microsoft Visual Studio Solution File, Format Version 12.00
# Visual Studio Version 16
VisualStudioVersion = 16.0.31624.102
MinimumVisualStudioVersion = 10.0.40219.1
Project("{8BC9CEB8-8B4A-11D0-8D11-00A0C91BC942}") = "NEWWINTRO", "NEWWINTRO\NEWWINTRO.vcxproj", "{4CB68A5B-3FC5-44F2-AD1F-E2860C6BE73F}"
EndProject
Global
	GlobalSection(SolutionConfigurationPlatforms) = preSolution
		Debug|x64 = Debug|x64
		Debug|x86 = Debug|x86
		Release|x64 = Release|x64
		Release|x86 = Release|x86
	EndGlobalSection
	GlobalSection(ProjectConfigurationPlatforms) = postSolution
		{4CB68A5B-3FC5-44F2-AD1F-E2860C6BE73F}.Debug|x64.ActiveCfg = Debug|x64
		{4CB68A5B-3FC5-44F2-AD1F-E2860C6BE73F}.Debug|x64.Build.0 = Debug|x64
		{4CB68A5B-3FC5-44F2-AD1F-E2860C6BE73F}.Debug|x86.ActiveCfg = Debug|Win32
		{4CB68A5B-3FC5-44F2-AD1F-E2860C6BE73F}.Debug|x86.Build.0 = Debug|Win32
		{4CB68A5B-3FC5-44F2-AD1F-E2860C6BE73F}.Release|x64.ActiveCfg = Release|x64
		{4CB68A5B-3FC5-44F2-AD1F-E2860C6BE73F}.Release|x64.Build.0 = Release|x64
		{4CB68A5B-3FC5-44F2-AD1F-E2860C6BE73F}.Release|x86.ActiveCfg = Release|Win32
		{4CB68A5B-3FC5-44F2-AD1F-E2860C6BE73F}.Release|x86.Build.0 = Release|Win32
	EndGlobalSection
	GlobalSection(SolutionProperties) = preSolution
		HideSolutionNode = FALSE
	EndGlobalSection
	GlobalSection(ExtensibilityGlobals) = postSolution
		SolutionGuid = {92F6AB4F-AFED-4A6E-AD5C-8F467168A9E1}
	EndGlobalSection
EndGlobal
